
Microsoft Visual Studio Solution File, Format Version 12.00
# Visual Studio Version 17
VisualStudioVersion = 17.14.37411.7 d17.14
MinimumVisualStudioVersion = 10.0.40219.1
Project("{FAE04EC0-301F-11D3-BF4B-00C04F79EFBC}") = "Shape", "Shape\Shape.csproj", "{580E6EBE-CFEA-4AE8-AFA2-30943D476BE8}"
EndProject
Global
	GlobalSection(SolutionConfigurationPlatforms) = preSolution
		Debug|Any CPU = Debug|Any CPU
		Release|Any CPU = Release|Any CPU
	EndGlobalSection
	GlobalSection(ProjectConfigurationPlatforms) = postSolution
		{580E6EBE-CFEA-4AE8-AFA2-30943D476BE8}.Debug|Any CPU.ActiveCfg = Debug|Any CPU
		{580E6EBE-CFEA-4AE8-AFA2-30943D476BE8}.Debug|Any CPU.Build.0 = Debug|Any CPU
		{580E6EBE-CFEA-4AE8-AFA2-30943D476BE8}.Release|Any CPU.ActiveCfg = Release|Any CPU
		{580E6EBE-CFEA-4AE8-AFA2-30943D476BE8}.Release|Any CPU.Build.0 = Release|Any CPU
	EndGlobalSection
	GlobalSection(SolutionProperties) = preSolution
		HideSolutionNode = FALSE
	EndGlobalSection
	GlobalSection(ExtensibilityGlobals) = postSolution
		SolutionGuid = {52821BD5-FF57-4B0C-867B-287D65728C5F}
	EndGlobalSection
EndGlobal
