
Microsoft Visual Studio Solution File, Format Version 12.00
# Visual Studio Version 17
VisualStudioVersion = 17.14.37411.7 d17.14
MinimumVisualStudioVersion = 10.0.40219.1
Project("{FAE04EC0-301F-11D3-BF4B-00C04F79EFBC}") = "Employee", "Employee\Employee.csproj", "{C9F27AB6-98C4-4925-9665-CD9886BA54AB}"
EndProject
Global
	GlobalSection(SolutionConfigurationPlatforms) = preSolution
		Debug|Any CPU = Debug|Any CPU
		Release|Any CPU = Release|Any CPU
	EndGlobalSection
	GlobalSection(ProjectConfigurationPlatforms) = postSolution
		{C9F27AB6-98C4-4925-9665-CD9886BA54AB}.Debug|Any CPU.ActiveCfg = Debug|Any CPU
		{C9F27AB6-98C4-4925-9665-CD9886BA54AB}.Debug|Any CPU.Build.0 = Debug|Any CPU
		{C9F27AB6-98C4-4925-9665-CD9886BA54AB}.Release|Any CPU.ActiveCfg = Release|Any CPU
		{C9F27AB6-98C4-4925-9665-CD9886BA54AB}.Release|Any CPU.Build.0 = Release|Any CPU
	EndGlobalSection
	GlobalSection(SolutionProperties) = preSolution
		HideSolutionNode = FALSE
	EndGlobalSection
	GlobalSection(ExtensibilityGlobals) = postSolution
		SolutionGuid = {76AAA17A-FEB3-4AB3-8305-CE1306FCCE0B}
	EndGlobalSection
EndGlobal
