
Microsoft Visual Studio Solution File, Format Version 12.00
# Visual Studio Version 17
VisualStudioVersion = 17.14.37411.7 d17.14
MinimumVisualStudioVersion = 10.0.40219.1
Project("{FAE04EC0-301F-11D3-BF4B-00C04F79EFBC}") = "ProcessList", "ProcessList\ProcessList.csproj", "{C8E9A55C-139D-4948-B39F-EA6CC8CD3390}"
EndProject
Global
	GlobalSection(SolutionConfigurationPlatforms) = preSolution
		Debug|Any CPU = Debug|Any CPU
		Release|Any CPU = Release|Any CPU
	EndGlobalSection
	GlobalSection(ProjectConfigurationPlatforms) = postSolution
		{C8E9A55C-139D-4948-B39F-EA6CC8CD3390}.Debug|Any CPU.ActiveCfg = Debug|Any CPU
		{C8E9A55C-139D-4948-B39F-EA6CC8CD3390}.Debug|Any CPU.Build.0 = Debug|Any CPU
		{C8E9A55C-139D-4948-B39F-EA6CC8CD3390}.Release|Any CPU.ActiveCfg = Release|Any CPU
		{C8E9A55C-139D-4948-B39F-EA6CC8CD3390}.Release|Any CPU.Build.0 = Release|Any CPU
	EndGlobalSection
	GlobalSection(SolutionProperties) = preSolution
		HideSolutionNode = FALSE
	EndGlobalSection
	GlobalSection(ExtensibilityGlobals) = postSolution
		SolutionGuid = {8AB7C4F5-1C94-4298-BA54-C6BE0BE67146}
	EndGlobalSection
EndGlobal
