
Microsoft Visual Studio Solution File, Format Version 12.00
# Visual Studio Version 17
VisualStudioVersion = 17.14.37411.7 d17.14
MinimumVisualStudioVersion = 10.0.40219.1
Project("{FAE04EC0-301F-11D3-BF4B-00C04F79EFBC}") = "IShape", "IShape\IShape.csproj", "{D46FEB52-5788-48E3-A1D8-0A0CFD0BEE97}"
EndProject
Global
	GlobalSection(SolutionConfigurationPlatforms) = preSolution
		Debug|Any CPU = Debug|Any CPU
		Release|Any CPU = Release|Any CPU
	EndGlobalSection
	GlobalSection(ProjectConfigurationPlatforms) = postSolution
		{D46FEB52-5788-48E3-A1D8-0A0CFD0BEE97}.Debug|Any CPU.ActiveCfg = Debug|Any CPU
		{D46FEB52-5788-48E3-A1D8-0A0CFD0BEE97}.Debug|Any CPU.Build.0 = Debug|Any CPU
		{D46FEB52-5788-48E3-A1D8-0A0CFD0BEE97}.Release|Any CPU.ActiveCfg = Release|Any CPU
		{D46FEB52-5788-48E3-A1D8-0A0CFD0BEE97}.Release|Any CPU.Build.0 = Release|Any CPU
	EndGlobalSection
	GlobalSection(SolutionProperties) = preSolution
		HideSolutionNode = FALSE
	EndGlobalSection
	GlobalSection(ExtensibilityGlobals) = postSolution
		SolutionGuid = {50565B4B-9245-4EFE-82ED-F9D7F5A0F9D3}
	EndGlobalSection
EndGlobal
