
Microsoft Visual Studio Solution File, Format Version 12.00
# Visual Studio Version 17
VisualStudioVersion = 17.14.37411.7 d17.14
MinimumVisualStudioVersion = 10.0.40219.1
Project("{FAE04EC0-301F-11D3-BF4B-00C04F79EFBC}") = "InsufficientFundsException", "InsufficientFundsException\InsufficientFundsException.csproj", "{688D10F7-80CE-4AD0-9DC8-CD29B3E8C8DD}"
EndProject
Global
	GlobalSection(SolutionConfigurationPlatforms) = preSolution
		Debug|Any CPU = Debug|Any CPU
		Release|Any CPU = Release|Any CPU
	EndGlobalSection
	GlobalSection(ProjectConfigurationPlatforms) = postSolution
		{688D10F7-80CE-4AD0-9DC8-CD29B3E8C8DD}.Debug|Any CPU.ActiveCfg = Debug|Any CPU
		{688D10F7-80CE-4AD0-9DC8-CD29B3E8C8DD}.Debug|Any CPU.Build.0 = Debug|Any CPU
		{688D10F7-80CE-4AD0-9DC8-CD29B3E8C8DD}.Release|Any CPU.ActiveCfg = Release|Any CPU
		{688D10F7-80CE-4AD0-9DC8-CD29B3E8C8DD}.Release|Any CPU.Build.0 = Release|Any CPU
	EndGlobalSection
	GlobalSection(SolutionProperties) = preSolution
		HideSolutionNode = FALSE
	EndGlobalSection
	GlobalSection(ExtensibilityGlobals) = postSolution
		SolutionGuid = {0FD9D5E9-94D9-4B10-A4F0-50DC527FF02B}
	EndGlobalSection
EndGlobal
